<?xml version="1.0" encoding="utf-8"?>
<Project ToolsVersion="4.0" xmlns="http://schemas.microsoft.com/developer/msbuild/2003">
  <ItemGroup>
    <Filter Include="Quelldateien">
      <UniqueIdentifier>{4FC737F1-C7A5-4376-A066-2A32D752A2FF}</UniqueIdentifier>
      <Extensions>cpp;c;cc;cxx;c++;cppm;ixx;def;odl;idl;hpj;bat;asm;asmx</Extensions>
    </Filter>
    <Filter Include="Headerdateien">
      <UniqueIdentifier>{93995380-89BD-4b04-88EB-625FBE52EBFB}</UniqueIdentifier>
      <Extensions>h;hh;hpp;hxx;h++;hm;inl;inc;ipp;xsd</Extensions>
    </Filter>
    <Filter Include="Ressourcendateien">
      <UniqueIdentifier>{67DA6AB6-F800-4c08-8B7A-83BB121AAD01}</UniqueIdentifier>
      <Extensions>rc;ico;cur;bmp;dlg;rc2;rct;bin;rgs;gif;jpg;jpeg;jpe;resx;tiff;tif;png;wav;mfcribbon-ms</Extensions>
    </Filter>
    <Filter Include="Quelldateien\Generel">
      <UniqueIdentifier>{f8421204-9155-43fa-ae64-f57eb33adf7e}</UniqueIdentifier>
    </Filter>
    <Filter Include="Headerdateien\Generel">
      <UniqueIdentifier>{de98b23c-5f41-4cd6-8501-10eb850c4c8c}</UniqueIdentifier>
    </Filter>
    <Filter Include="Headerdateien\Physics">
      <UniqueIdentifier>{03502783-3148-403b-82ef-505dc4903d27}</UniqueIdentifier>
    </Filter>
    <Filter Include="Headerdateien\Physics\Linear algebra">
      <UniqueIdentifier>{123198b1-3557-4140-9a87-9a26f5100a33}</UniqueIdentifier>
    </Filter>
    <Filter Include="Headerdateien\Physics\Model">
      <UniqueIdentifier>{57c320ba-179b-4349-a7ad-95ab8c825774}</UniqueIdentifier>
    </Filter>
    <Filter Include="Quelldateien\Physics">
      <UniqueIdentifier>{04c88842-2072-49e3-a4b6-b5e03aa42002}</UniqueIdentifier>
    </Filter>
    <Filter Include="Quelldateien\Physics\Linear algebra">
      <UniqueIdentifier>{ed97129a-f34c-4c5a-9ffc-2c50a27f51cc}</UniqueIdentifier>
    </Filter>
    <Filter Include="Quelldateien\Physics\Model">
      <UniqueIdentifier>{020ddcb7-a4c9-4568-8989-6f4207d17140}</UniqueIdentifier>
    </Filter>
    <Filter Include="Headerdateien\Device">
      <UniqueIdentifier>{243430df-ac49-4c18-a102-97257a93e4dd}</UniqueIdentifier>
    </Filter>
    <Filter Include="Headerdateien\Physics\Linear algebra\Cartesian">
      <UniqueIdentifier>{d199b2c1-e0fe-40f5-b001-7cf884265856}</UniqueIdentifier>
    </Filter>
    <Filter Include="Quelldateien\Physics\Linear algebra\Cartesian">
      <UniqueIdentifier>{edab5e0b-3e22-4b15-af67-d8c0b051dffc}</UniqueIdentifier>
    </Filter>
    <Filter Include="Quelldateien\Device">
      <UniqueIdentifier>{a3211d33-2fdf-4145-ad82-4b40a623be58}</UniqueIdentifier>
    </Filter>
    <Filter Include="Headerdateien\Processing">
      <UniqueIdentifier>{f222f2ad-6376-4460-91b4-7775d54d93d8}</UniqueIdentifier>
    </Filter>
    <Filter Include="Quelldateien\Processing">
      <UniqueIdentifier>{cd191329-df7a-485b-97af-2db7f650c7c0}</UniqueIdentifier>
    </Filter>
  </ItemGroup>
  <ItemGroup>
    <ClInclude Include="generelMath.h">
      <Filter>Headerdateien\Physics</Filter>
    </ClInclude>
    <ClInclude Include="generelMath.hpp">
      <Filter>Quelldateien\Physics</Filter>
    </ClInclude>
    <ClInclude Include="generel.h">
      <Filter>Headerdateien\Generel</Filter>
    </ClInclude>
    <ClInclude Include="generel.hpp">
      <Filter>Quelldateien\Generel</Filter>
    </ClInclude>
    <ClInclude Include="vec3D.fwd.h">
      <Filter>Headerdateien\Physics\Linear algebra</Filter>
    </ClInclude>
    <ClInclude Include="line.fwd.h">
      <Filter>Headerdateien\Physics\Linear algebra</Filter>
    </ClInclude>
    <ClInclude Include="surf.fwd.h">
      <Filter>Headerdateien\Physics\Linear algebra</Filter>
    </ClInclude>
    <ClInclude Include="vec3D.h">
      <Filter>Headerdateien\Physics\Linear algebra</Filter>
    </ClInclude>
    <ClInclude Include="line.h">
      <Filter>Headerdateien\Physics\Linear algebra</Filter>
    </ClInclude>
    <ClInclude Include="surf.h">
      <Filter>Headerdateien\Physics\Linear algebra</Filter>
    </ClInclude>
    <ClInclude Include="equationSystem.h">
      <Filter>Headerdateien\Physics\Linear algebra</Filter>
    </ClInclude>
    <ClInclude Include="tests_linear_algebra.h">
      <Filter>Headerdateien\Physics\Linear algebra</Filter>
    </ClInclude>
    <ClInclude Include="vectorAlgorithm.h">
      <Filter>Headerdateien</Filter>
    </ClInclude>
    <ClInclude Include="rays.h">
      <Filter>Headerdateien\Physics</Filter>
    </ClInclude>
    <ClInclude Include="voxel.h">
      <Filter>Headerdateien\Physics\Model</Filter>
    </ClInclude>
    <ClInclude Include="intersections.h">
      <Filter>Headerdateien\Physics</Filter>
    </ClInclude>
    <ClInclude Include="intersections.hpp">
      <Filter>Quelldateien\Physics</Filter>
    </ClInclude>
    <ClInclude Include="model.h">
      <Filter>Headerdateien\Physics\Model</Filter>
    </ClInclude>
    <ClInclude Include="cartesian.fwd.h">
      <Filter>Headerdateien\Physics\Linear algebra\Cartesian</Filter>
    </ClInclude>
    <ClInclude Include="cartesian.h">
      <Filter>Headerdateien\Physics\Linear algebra\Cartesian</Filter>
    </ClInclude>
    <ClInclude Include="primitiveVec3.h">
      <Filter>Headerdateien\Physics\Linear algebra\Cartesian</Filter>
    </ClInclude>
    <ClInclude Include="primitiveCartCSys.h">
      <Filter>Headerdateien\Physics\Linear algebra\Cartesian</Filter>
    </ClInclude>
    <ClInclude Include="cSysTree.h">
      <Filter>Headerdateien\Physics\Linear algebra\Cartesian</Filter>
    </ClInclude>
    <ClInclude Include="cSysTree.fwd.h">
      <Filter>Headerdateien\Physics\Linear algebra\Cartesian</Filter>
    </ClInclude>
    <ClInclude Include="coordinates.h">
      <Filter>Headerdateien\Physics\Linear algebra\Cartesian</Filter>
    </ClInclude>
    <ClInclude Include="detectorPixel.h">
      <Filter>Headerdateien\Device</Filter>
    </ClInclude>
    <ClInclude Include="tube.h">
      <Filter>Headerdateien\Device</Filter>
    </ClInclude>
    <ClInclude Include="test_device.h">
      <Filter>Headerdateien\Device</Filter>
    </ClInclude>
    <ClInclude Include="test_all.h">
      <Filter>Headerdateien\Generel</Filter>
    </ClInclude>
    <ClInclude Include="spectrum.h">
      <Filter>Headerdateien\Physics</Filter>
    </ClInclude>
    <ClInclude Include="plotting.h">
      <Filter>Headerdateien\Generel</Filter>
    </ClInclude>
    <ClInclude Include="plotting.hpp">
      <Filter>Quelldateien\Generel</Filter>
    </ClInclude>
    <ClInclude Include="detector.h">
      <Filter>Headerdateien\Device</Filter>
    </ClInclude>
    <ClInclude Include="gantry.h">
      <Filter>Headerdateien\Device</Filter>
    </ClInclude>
    <ClInclude Include="test_model.h">
      <Filter>Headerdateien\Physics\Model</Filter>
    </ClInclude>
    <ClInclude Include="radonTransform.h">
      <Filter>Headerdateien\Processing</Filter>
    </ClInclude>
    <ClInclude Include="test_processing.h">
      <Filter>Headerdateien\Processing</Filter>
    </ClInclude>
    <ClInclude Include="tomography.h">
      <Filter>Headerdateien\Device</Filter>
    </ClInclude>
    <ClInclude Include="grid.h">
      <Filter>Headerdateien\Processing</Filter>
    </ClInclude>
    <ClInclude Include="detectorParameter.h">
      <Filter>Headerdateien\Device</Filter>
    </ClInclude>
  </ItemGroup>
  <ItemGroup>
    <ClCompile Include="generelMath.cpp">
      <Filter>Quelldateien\Physics</Filter>
    </ClCompile>
    <ClCompile Include="main.cpp">
      <Filter>Quelldateien\Generel</Filter>
    </ClCompile>
    <ClCompile Include="generel.cpp">
      <Filter>Quelldateien\Generel</Filter>
    </ClCompile>
    <ClCompile Include="vec3D.cpp">
      <Filter>Quelldateien\Physics\Linear algebra</Filter>
    </ClCompile>
    <ClCompile Include="line.cpp">
      <Filter>Quelldateien\Physics\Linear algebra</Filter>
    </ClCompile>
    <ClCompile Include="surf.cpp">
      <Filter>Quelldateien\Physics\Linear algebra</Filter>
    </ClCompile>
    <ClCompile Include="equationSystem.cpp">
      <Filter>Quelldateien\Physics\Linear algebra</Filter>
    </ClCompile>
    <ClCompile Include="tests_linear_algebra.cpp">
      <Filter>Quelldateien\Physics\Linear algebra</Filter>
    </ClCompile>
    <ClCompile Include="vectorAlgotrithm.cpp">
      <Filter>Quelldateien</Filter>
    </ClCompile>
    <ClCompile Include="rays.cpp">
      <Filter>Quelldateien\Physics</Filter>
    </ClCompile>
    <ClCompile Include="intersections.cpp">
      <Filter>Quelldateien\Physics</Filter>
    </ClCompile>
    <ClCompile Include="voxel.cpp">
      <Filter>Quelldateien\Physics\Model</Filter>
    </ClCompile>
    <ClCompile Include="model.cpp">
      <Filter>Quelldateien\Physics\Model</Filter>
    </ClCompile>
    <ClCompile Include="primitiveVec3.cpp">
      <Filter>Quelldateien\Physics\Linear algebra\Cartesian</Filter>
    </ClCompile>
    <ClCompile Include="cartesian.cpp">
      <Filter>Quelldateien\Physics\Linear algebra\Cartesian</Filter>
    </ClCompile>
    <ClCompile Include="primitiveCartCSys.cpp">
      <Filter>Quelldateien\Physics\Linear algebra\Cartesian</Filter>
    </ClCompile>
    <ClCompile Include="cSysTree.cpp">
      <Filter>Quelldateien\Physics\Linear algebra\Cartesian</Filter>
    </ClCompile>
    <ClCompile Include="coordinates.cpp">
      <Filter>Quelldateien\Physics\Linear algebra\Cartesian</Filter>
    </ClCompile>
    <ClCompile Include="detectorPixel.cpp">
      <Filter>Quelldateien\Device</Filter>
    </ClCompile>
    <ClCompile Include="test_device.cpp">
      <Filter>Quelldateien\Device</Filter>
    </ClCompile>
    <ClCompile Include="tube.cpp">
      <Filter>Quelldateien\Device</Filter>
    </ClCompile>
    <ClCompile Include="spectrum.cpp">
      <Filter>Quelldateien\Physics</Filter>
    </ClCompile>
    <ClCompile Include="plotting.cpp">
      <Filter>Quelldateien\Generel</Filter>
    </ClCompile>
    <ClCompile Include="detector.cpp">
      <Filter>Quelldateien\Device</Filter>
    </ClCompile>
    <ClCompile Include="gantry.cpp">
      <Filter>Quelldateien\Device</Filter>
    </ClCompile>
    <ClCompile Include="test_model.cpp">
      <Filter>Quelldateien\Physics\Model</Filter>
    </ClCompile>
    <ClCompile Include="radonTransform.cpp">
      <Filter>Quelldateien\Processing</Filter>
    </ClCompile>
    <ClCompile Include="test_processing.cpp">
      <Filter>Quelldateien\Processing</Filter>
    </ClCompile>
    <ClCompile Include="tomography.cpp">
      <Filter>Quelldateien\Device</Filter>
    </ClCompile>
    <ClCompile Include="grid.cpp">
      <Filter>Quelldateien\Processing</Filter>
    </ClCompile>
    <ClCompile Include="detectorParameter.cpp">
      <Filter>Quelldateien\Device</Filter>
    </ClCompile>
  </ItemGroup>
</Project>